
Microsoft Visual Studio Solution File, Format Version 12.00
# Visual Studio Version 17
VisualStudioVersion = 17.0.32112.339
MinimumVisualStudioVersion = 10.0.40219.1
Project("{FAE04EC0-301F-11D3-BF4B-00C04F79EFBC}") = "GSP_DatToExcel", "GSP_DatToExcel\GSP_DatToExcel.csproj", "{A05D9F83-80D9-4903-87AB-F9B7E2D349D8}"
EndProject
Global
	GlobalSection(SolutionConfigurationPlatforms) = preSolution
		Debug|Any CPU = Debug|Any CPU
		Release|Any CPU = Release|Any CPU
	EndGlobalSection
	GlobalSection(ProjectConfigurationPlatforms) = postSolution
		{A05D9F83-80D9-4903-87AB-F9B7E2D349D8}.Debug|Any CPU.ActiveCfg = Debug|Any CPU
		{A05D9F83-80D9-4903-87AB-F9B7E2D349D8}.Debug|Any CPU.Build.0 = Debug|Any CPU
		{A05D9F83-80D9-4903-87AB-F9B7E2D349D8}.Release|Any CPU.ActiveCfg = Release|Any CPU
		{A05D9F83-80D9-4903-87AB-F9B7E2D349D8}.Release|Any CPU.Build.0 = Release|Any CPU
	EndGlobalSection
	GlobalSection(SolutionProperties) = preSolution
		HideSolutionNode = FALSE
	EndGlobalSection
	GlobalSection(ExtensibilityGlobals) = postSolution
		SolutionGuid = {702B248E-0AB8-48CD-B71C-1C83BEA1DFDA}
	EndGlobalSection
EndGlobal
